
Microsoft Visual Studio Solution File, Format Version 12.00
# Visual Studio 15
VisualStudioVersion = 15.0.27703.2035
MinimumVisualStudioVersion = 10.0.40219.1
Project("{FAE04EC0-301F-11D3-BF4B-00C04F79EFBC}") = "TipCalculator8000", "TipCalculator8000\TipCalculator8000.csproj", "{C85BB9FB-4429-4FCC-B626-D5C3087F3D25}"
EndProject
Global
	GlobalSection(SolutionConfigurationPlatforms) = preSolution
		Debug|Any CPU = Debug|Any CPU
		Release|Any CPU = Release|Any CPU
	EndGlobalSection
	GlobalSection(ProjectConfigurationPlatforms) = postSolution
		{C85BB9FB-4429-4FCC-B626-D5C3087F3D25}.Debug|Any CPU.ActiveCfg = Debug|Any CPU
		{C85BB9FB-4429-4FCC-B626-D5C3087F3D25}.Debug|Any CPU.Build.0 = Debug|Any CPU
		{C85BB9FB-4429-4FCC-B626-D5C3087F3D25}.Release|Any CPU.ActiveCfg = Release|Any CPU
		{C85BB9FB-4429-4FCC-B626-D5C3087F3D25}.Release|Any CPU.Build.0 = Release|Any CPU
	EndGlobalSection
	GlobalSection(SolutionProperties) = preSolution
		HideSolutionNode = FALSE
	EndGlobalSection
	GlobalSection(ExtensibilityGlobals) = postSolution
		SolutionGuid = {D40A99CC-80B5-4A11-B827-F85D8490B2BF}
	EndGlobalSection
EndGlobal
